
Microsoft Visual Studio Solution File, Format Version 12.00
# Visual Studio Version 16
VisualStudioVersion = 16.0.29009.5
MinimumVisualStudioVersion = 10.0.40219.1
Project("{FAE04EC0-301F-11D3-BF4B-00C04F79EFBC}") = "Tests", "Tests\Tests.csproj", "{BE8B30EA-5A98-43D1-9B6C-E50F7DD576ED}"
EndProject
Project("{9A19103F-16F7-4668-BE54-9A1E7A4F7556}") = "Source", "Source\Source.csproj", "{C3F62D6D-2E8C-46A9-9E19-5315D450DA26}"
EndProject
Global
	GlobalSection(SolutionConfigurationPlatforms) = preSolution
		Debug|Any CPU = Debug|Any CPU
		Release|Any CPU = Release|Any CPU
	EndGlobalSection
	GlobalSection(ProjectConfigurationPlatforms) = postSolution
		{BE8B30EA-5A98-43D1-9B6C-E50F7DD576ED}.Debug|Any CPU.ActiveCfg = Debug|Any CPU
		{BE8B30EA-5A98-43D1-9B6C-E50F7DD576ED}.Debug|Any CPU.Build.0 = Debug|Any CPU
		{BE8B30EA-5A98-43D1-9B6C-E50F7DD576ED}.Release|Any CPU.ActiveCfg = Release|Any CPU
		{BE8B30EA-5A98-43D1-9B6C-E50F7DD576ED}.Release|Any CPU.Build.0 = Release|Any CPU
		{C3F62D6D-2E8C-46A9-9E19-5315D450DA26}.Debug|Any CPU.ActiveCfg = Debug|Any CPU
		{C3F62D6D-2E8C-46A9-9E19-5315D450DA26}.Debug|Any CPU.Build.0 = Debug|Any CPU
		{C3F62D6D-2E8C-46A9-9E19-5315D450DA26}.Release|Any CPU.ActiveCfg = Release|Any CPU
		{C3F62D6D-2E8C-46A9-9E19-5315D450DA26}.Release|Any CPU.Build.0 = Release|Any CPU
	EndGlobalSection
	GlobalSection(SolutionProperties) = preSolution
		HideSolutionNode = FALSE
	EndGlobalSection
	GlobalSection(ExtensibilityGlobals) = postSolution
		SolutionGuid = {BCE96696-9087-4865-BA5B-C73664A2A70C}
	EndGlobalSection
EndGlobal
